[[package]]
name = "fixedbitset"
version = "0.1.9"
source = "registry+https://github.com/rust-lang/crates.io-index"

[[package]]
name = "gol"
version = "0.1.0"
dependencies = [
 "fixedbitset 0.1.9 (registry+https://github.com/rust-lang/crates.io-index)",
]

[metadata]
"checksum fixedbitset 0.1.9 (registry+https://github.com/rust-lang/crates.io-index)" = "86d4de0081402f5e88cdac65c8dcdcc73118c1a7a465e2a05f0da05843a8ea33"
